
Microsoft Visual Studio Solution File, Format Version 12.00
# Visual Studio 14
VisualStudioVersion = 14.0.23107.0
MinimumVisualStudioVersion = 10.0.40219.1
Project("{2150E333-8FDC-42A3-9474-1A3956D46DE8}") = "src", "src", "{80E53709-2DFD-4250-9EEE-930C47E0E54B}"
EndProject
Project("{2150E333-8FDC-42A3-9474-1A3956D46DE8}") = "Solution Items", "Solution Items", "{3B0AE665-F68F-432D-B8C2-B61686ED06A9}"
	ProjectSection(SolutionItems) = preProject
		global.json = global.json
	EndProjectSection
EndProject
Project("{8BB2217D-0F2D-49D1-97BC-3654ED321F3B}") = "Dnp.AspNetCore.Mvc", "src\Dnp.AspNetCore.Mvc\Dnp.AspNetCore.Mvc.xproj", "{495F3131-8C23-4523-9D9B-D2BBA9B266A0}"
EndProject
Project("{2150E333-8FDC-42A3-9474-1A3956D46DE8}") = "samples", "samples", "{034ECE8A-9870-4C6E-B1F6-2C2E1E782A22}"
EndProject
Project("{2150E333-8FDC-42A3-9474-1A3956D46DE8}") = "test", "test", "{29D41ED2-9832-412E-8048-93A16466E602}"
EndProject
Global
	GlobalSection(SolutionConfigurationPlatforms) = preSolution
		Debug|Any CPU = Debug|Any CPU
		Release|Any CPU = Release|Any CPU
	EndGlobalSection
	GlobalSection(ProjectConfigurationPlatforms) = postSolution
		{495F3131-8C23-4523-9D9B-D2BBA9B266A0}.Debug|Any CPU.ActiveCfg = Debug|Any CPU
		{495F3131-8C23-4523-9D9B-D2BBA9B266A0}.Debug|Any CPU.Build.0 = Debug|Any CPU
		{495F3131-8C23-4523-9D9B-D2BBA9B266A0}.Release|Any CPU.ActiveCfg = Release|Any CPU
		{495F3131-8C23-4523-9D9B-D2BBA9B266A0}.Release|Any CPU.Build.0 = Release|Any CPU
	EndGlobalSection
	GlobalSection(SolutionProperties) = preSolution
		HideSolutionNode = FALSE
	EndGlobalSection
	GlobalSection(NestedProjects) = preSolution
		{495F3131-8C23-4523-9D9B-D2BBA9B266A0} = {80E53709-2DFD-4250-9EEE-930C47E0E54B}
	EndGlobalSection
EndGlobal
